
Microsoft Visual Studio Solution File, Format Version 12.00
# Visual Studio Version 17
VisualStudioVersion = 17.6.33513.286
MinimumVisualStudioVersion = 10.0.40219.1
Project("{9A19103F-16F7-4668-BE54-9A1E7A4F7556}") = "MicroWrath", "MicroWrath\MicroWrath.csproj", "{8C000E83-A57D-47CC-BB06-56D837FD68FE}"
EndProject
Project("{9A19103F-16F7-4668-BE54-9A1E7A4F7556}") = "MicroWrath.Generator", "MicroWrath.Generator\MicroWrath.Generator.csproj", "{3B6C0EEC-9FE3-4A35-B547-88C3632645EE}"
EndProject
Project("{9A19103F-16F7-4668-BE54-9A1E7A4F7556}") = "MicroWrath.Loader", "MicroWrath.Loader\MicroWrath.Loader.csproj", "{910E46E0-248D-484C-80FC-DE7AE2F765A7}"
EndProject
Project("{9A19103F-16F7-4668-BE54-9A1E7A4F7556}") = "MicroWrath.Generator.Tasks", "MicroWrath.Generator.Tasks\MicroWrath.Generator.Tasks.csproj", "{408259A6-6CB0-438A-ABC5-858E4E3E5D36}"
EndProject
Project("{2150E333-8FDC-42A3-9474-1A3956D46DE8}") = "Solution Items", "Solution Items", "{DFA0E3DA-C7D9-4CCF-8A46-46C7002212E9}"
	ProjectSection(SolutionItems) = preProject
		common.props = common.props
	EndProjectSection
EndProject
Project("{9A19103F-16F7-4668-BE54-9A1E7A4F7556}") = "MicroWrath.Package", "MicroWrath.Package\MicroWrath.Package.csproj", "{0C8B7554-37C7-4F24-A744-3E62565949A3}"
EndProject
Project("{6EC3EE1D-3C4E-46DD-8F32-0CC8E7565705}") = "MicroWrath.SetupTool", "MicroWrath.SetupTool\MicroWrath.SetupTool.fsproj", "{AD71E9E8-63BF-4A4F-A7CB-B53305403A17}"
EndProject
Project("{2150E333-8FDC-42A3-9474-1A3956D46DE8}") = "TinyJson", "TinyJson", "{3F01DE8A-51C8-41D7-AD97-552C855B2260}"
	ProjectSection(SolutionItems) = preProject
		TinyJson\JSONParser.cs = TinyJson\JSONParser.cs
		TinyJson\JSONWriter.cs = TinyJson\JSONWriter.cs
	EndProjectSection
EndProject
Global
	GlobalSection(SolutionConfigurationPlatforms) = preSolution
		Debug|Any CPU = Debug|Any CPU
		Release|Any CPU = Release|Any CPU
	EndGlobalSection
	GlobalSection(ProjectConfigurationPlatforms) = postSolution
		{8C000E83-A57D-47CC-BB06-56D837FD68FE}.Debug|Any CPU.ActiveCfg = Debug|Any CPU
		{8C000E83-A57D-47CC-BB06-56D837FD68FE}.Debug|Any CPU.Build.0 = Debug|Any CPU
		{8C000E83-A57D-47CC-BB06-56D837FD68FE}.Release|Any CPU.ActiveCfg = Release|Any CPU
		{8C000E83-A57D-47CC-BB06-56D837FD68FE}.Release|Any CPU.Build.0 = Release|Any CPU
		{3B6C0EEC-9FE3-4A35-B547-88C3632645EE}.Debug|Any CPU.ActiveCfg = Debug|Any CPU
		{3B6C0EEC-9FE3-4A35-B547-88C3632645EE}.Debug|Any CPU.Build.0 = Debug|Any CPU
		{3B6C0EEC-9FE3-4A35-B547-88C3632645EE}.Release|Any CPU.ActiveCfg = Release|Any CPU
		{3B6C0EEC-9FE3-4A35-B547-88C3632645EE}.Release|Any CPU.Build.0 = Release|Any CPU
		{910E46E0-248D-484C-80FC-DE7AE2F765A7}.Debug|Any CPU.ActiveCfg = Debug|Any CPU
		{910E46E0-248D-484C-80FC-DE7AE2F765A7}.Debug|Any CPU.Build.0 = Debug|Any CPU
		{910E46E0-248D-484C-80FC-DE7AE2F765A7}.Release|Any CPU.ActiveCfg = Release|Any CPU
		{910E46E0-248D-484C-80FC-DE7AE2F765A7}.Release|Any CPU.Build.0 = Release|Any CPU
		{408259A6-6CB0-438A-ABC5-858E4E3E5D36}.Debug|Any CPU.ActiveCfg = Debug|Any CPU
		{408259A6-6CB0-438A-ABC5-858E4E3E5D36}.Debug|Any CPU.Build.0 = Debug|Any CPU
		{408259A6-6CB0-438A-ABC5-858E4E3E5D36}.Release|Any CPU.ActiveCfg = Release|Any CPU
		{408259A6-6CB0-438A-ABC5-858E4E3E5D36}.Release|Any CPU.Build.0 = Release|Any CPU
		{0C8B7554-37C7-4F24-A744-3E62565949A3}.Debug|Any CPU.ActiveCfg = Debug|Any CPU
		{0C8B7554-37C7-4F24-A744-3E62565949A3}.Debug|Any CPU.Build.0 = Debug|Any CPU
		{0C8B7554-37C7-4F24-A744-3E62565949A3}.Release|Any CPU.ActiveCfg = Release|Any CPU
		{0C8B7554-37C7-4F24-A744-3E62565949A3}.Release|Any CPU.Build.0 = Release|Any CPU
		{AD71E9E8-63BF-4A4F-A7CB-B53305403A17}.Debug|Any CPU.ActiveCfg = Debug|Any CPU
		{AD71E9E8-63BF-4A4F-A7CB-B53305403A17}.Debug|Any CPU.Build.0 = Debug|Any CPU
		{AD71E9E8-63BF-4A4F-A7CB-B53305403A17}.Release|Any CPU.ActiveCfg = Release|Any CPU
		{AD71E9E8-63BF-4A4F-A7CB-B53305403A17}.Release|Any CPU.Build.0 = Release|Any CPU
	EndGlobalSection
	GlobalSection(SolutionProperties) = preSolution
		HideSolutionNode = FALSE
	EndGlobalSection
	GlobalSection(ExtensibilityGlobals) = postSolution
		SolutionGuid = {9FDB7D9E-DB89-4543-A840-BD296EBFF895}
	EndGlobalSection
EndGlobal
